
Microsoft Visual Studio Solution File, Format Version 12.00
# Visual Studio Version 17
VisualStudioVersion = 17.3.32811.315
MinimumVisualStudioVersion = 10.0.40219.1
Project("{F184B08F-C81C-45F6-A57F-5ABD9991F28F}") = "Internet Speed Test Survey", "Internet Speed Test Survey\Internet Speed Test Survey.vbproj", "{092C2359-95F1-4BE8-AF31-80F37CFD1465}"
EndProject
Global
	GlobalSection(SolutionConfigurationPlatforms) = preSolution
		Debug|Any CPU = Debug|Any CPU
		Release|Any CPU = Release|Any CPU
	EndGlobalSection
	GlobalSection(ProjectConfigurationPlatforms) = postSolution
		{092C2359-95F1-4BE8-AF31-80F37CFD1465}.Debug|Any CPU.ActiveCfg = Debug|Any CPU
		{092C2359-95F1-4BE8-AF31-80F37CFD1465}.Debug|Any CPU.Build.0 = Debug|Any CPU
		{092C2359-95F1-4BE8-AF31-80F37CFD1465}.Release|Any CPU.ActiveCfg = Release|Any CPU
		{092C2359-95F1-4BE8-AF31-80F37CFD1465}.Release|Any CPU.Build.0 = Release|Any CPU
	EndGlobalSection
	GlobalSection(SolutionProperties) = preSolution
		HideSolutionNode = FALSE
	EndGlobalSection
	GlobalSection(ExtensibilityGlobals) = postSolution
		SolutionGuid = {C48B779A-5032-41D6-9D6A-D904F62FECD0}
	EndGlobalSection
EndGlobal
